PODS:
  - HFSwipeView (1.1.2):
    - PureLayout
    - TinyLog
  - PureLayout (3.0.2)
  - TinyLog (1.0.1)

DEPENDENCIES:
  - HFSwipeView (from `../`)

EXTERNAL SOURCES:
  HFSwipeView:
    :path: ../

SPEC CHECKSUMS:
  HFSwipeView: e26582ec8c3454b545c6e14e97417347012745b3
  PureLayout: 4d550abe49a94f24c2808b9b95db9131685fe4cd
  TinyLog: 6c3ecbc348d10dc242ebb506f684fc9ae6aff533

PODFILE CHECKSUM: 4634ef381fba79e025e1531e7f33c2b1a87c2855

COCOAPODS: 1.2.0
